{
  "name": "@borealisgroup/theme",
  "version": "1.6.3",
  "lockfileVersion": 1,
  "requires": true,
  "dependencies": {
    "@ant-design/colors": {
      "version": "3.0.1",
      "resolved": "https://registry.npmjs.org/@ant-design/colors/-/colors-3.0.1.tgz",
      "integrity": "sha512-VmFxjS185QZLnPfOyUdAC+DGgEeQakSAs2bY3zPb3TZyLGLCGwxjtyTz6ZF8+3WpZIKy/F7+lR5via92NnpU4A==",
      "dev": true,
      "requires": {
        "tinycolor2": "^1.4.1"
      }
    },
    "tinycolor2": {
      "version": "1.4.1",
      "resolved": "https://registry.npmjs.org/tinycolor2/-/tinycolor2-1.4.1.tgz",
      "integrity": "sha1-9PrTM0R7wLB9TcjpIJ2POaisd+g=",
      "dev": true
    }
  }
}
