{
  "name": "@borealisgroup/i18n-dev",
  "version": "1.0.0",
  "lockfileVersion": 1,
  "requires": true,
  "dependencies": {
    "@babel/runtime": {
      "version": "7.4.4",
      "resolved": "https://registry.npmjs.org/@babel/runtime/-/runtime-7.4.4.tgz",
      "integrity": "sha512-w0+uT71b6Yi7i5SE0co4NioIpSYS6lLiXvCzWzGSKvpK5vdQtCbICHMj+gbAKAOtxiV6HsVh/MBdaF9EQ6faSg==",
      "requires": {
        "regenerator-runtime": "^0.13.2"
      }
    },
    "i18next": {
      "version": "15.1.0",
      "resolved": "https://registry.npmjs.org/i18next/-/i18next-15.1.0.tgz",
      "integrity": "sha512-7cCrVn/BcoSOGJwTilAjGgWWzUDg4scTLX1sIBMWq6QjYYBrT+ChSAvmgVyQxkHinaIcswC04XK6l15RxM4Dkg==",
      "requires": {
        "@babel/runtime": "^7.3.1"
      }
    },
    "i18next-browser-languagedetector": {
      "version": "3.0.1",
      "resolved": "https://registry.npmjs.org/i18next-browser-languagedetector/-/i18next-browser-languagedetector-3.0.1.tgz",
      "integrity": "sha512-WFjPLNPWl62uu07AHY2g+KsC9qz0tyMq+OZEB/H7N58YKL/JLiCz9U709gaR20Mule/Ppn+uyfVx5REJJjn1HA=="
    },
    "i18next-locize-backend": {
      "version": "1.9.0",
      "resolved": "https://registry.npmjs.org/i18next-locize-backend/-/i18next-locize-backend-1.9.0.tgz",
      "integrity": "sha512-h0uiLYxhMA+MJp0iMTXl2j4gdEEeZ2tR9LIPNtrQ5cV+2wvbfhQkZuP9xtv5CRZdAVGQkc3q+BZu4/EQ2aAkyQ=="
    },
    "locize-editor": {
      "version": "1.7.0",
      "resolved": "https://registry.npmjs.org/locize-editor/-/locize-editor-1.7.0.tgz",
      "integrity": "sha512-KdxAlwViz3KjGDEH3WIgaaUDw8XS8GNPpUDNAXM/vnRUryJgkA3n6DrDAeKJ99nixlx7G7+SZ9FZx2ZV9mIv8w=="
    },
    "locize-lastused": {
      "version": "1.1.0",
      "resolved": "https://registry.npmjs.org/locize-lastused/-/locize-lastused-1.1.0.tgz",
      "integrity": "sha512-5vaBRMPRzmrS28JLDLUjozgws173OFaWgQKpPFtjVF9dp3AXD7SrVOyPaIVPhsd6F1fPlZAlL0TBLqz/hm6ClQ=="
    },
    "regenerator-runtime": {
      "version": "0.13.2",
      "resolved": "https://registry.npmjs.org/regenerator-runtime/-/regenerator-runtime-0.13.2.tgz",
      "integrity": "sha512-S/TQAZJO+D3m9xeN1WTI8dLKBBiRgXBlTJvbWjCThHWZj9EvHK70Ff50/tYj2J/fvBY6JtFVwRuazHN2E7M9BA=="
    }
  }
}
